
Microsoft Visual Studio Solution File, Format Version 12.00
# Visual Studio 15
VisualStudioVersion = 15.0.28307.1000
MinimumVisualStudioVersion = 10.0.40219.1
Project("{FAE04EC0-301F-11D3-BF4B-00C04F79EFBC}") = "leet1", "leet1\leet1.csproj", "{D77A965A-F81E-49F3-83FC-53A75D945CDA}"
EndProject
Global
	GlobalSection(SolutionConfigurationPlatforms) = preSolution
		Debug|Any CPU = Debug|Any CPU
		Release|Any CPU = Release|Any CPU
	EndGlobalSection
	GlobalSection(ProjectConfigurationPlatforms) = postSolution
		{D77A965A-F81E-49F3-83FC-53A75D945CDA}.Debug|Any CPU.ActiveCfg = Debug|Any CPU
		{D77A965A-F81E-49F3-83FC-53A75D945CDA}.Debug|Any CPU.Build.0 = Debug|Any CPU
		{D77A965A-F81E-49F3-83FC-53A75D945CDA}.Release|Any CPU.ActiveCfg = Release|Any CPU
		{D77A965A-F81E-49F3-83FC-53A75D945CDA}.Release|Any CPU.Build.0 = Release|Any CPU
	EndGlobalSection
	GlobalSection(SolutionProperties) = preSolution
		HideSolutionNode = FALSE
	EndGlobalSection
	GlobalSection(ExtensibilityGlobals) = postSolution
		SolutionGuid = {F70C4C74-3A8C-4A91-B97F-BF02A6D73623}
	EndGlobalSection
EndGlobal
